// !$*UTF8*$!
{
	archiveVersion = 1;
	classes = {
	};
	objectVersion = 48;
	objects = {

/* Begin PBXBuildFile section */
		E4A4FAD41FEB4BCD00CBA645 /* AppDelegate.m in Sources */ = {isa = PBXBuildFile; fileRef = E4A4FAD31FEB4BCD00CBA645 /* AppDelegate.m */; };
		E4A4FAD71FEB4BCD00CBA645 /* ViewController.m in Sources */ = {isa = PBXBuildFile; fileRef = E4A4FAD61FEB4BCD00CBA645 /* ViewController.m */; };
		E4A4FADA1FEB4BCD00CBA645 /* Main.storyboard in Resources */ = {isa = PBXBuildFile; fileRef = E4A4FAD81FEB4BCD00CBA645 /* Main.storyboard */; };
		E4A4FADC1FEB4BCD00CBA645 /* Assets.xcassets in Resources */ = {isa = PBXBuildFile; fileRef = E4A4FADB1FEB4BCD00CBA645 /* Assets.xcassets */; };
		E4A4FADF1FEB4BCD00CBA645 /* LaunchScreen.storyboard in Resources */ = {isa = PBXBuildFile; fileRef = E4A4FADD1FEB4BCD00CBA645 /* LaunchScreen.storyboard */; };
		E4A4FAE21FEB4BCD00CBA645 /* main.m in Sources */ = {isa = PBXBuildFile; fileRef = E4A4FAE11FEB4BCD00CBA645 /* main.m */; };
		E4A4FAEC1FEB4BCE00CBA645 /* WJFTagsUITests.m in Sources */ = {isa = PBXBuildFile; fileRef = E4A4FAEB1FEB4BCE00CBA645 /* WJFTagsUITests.m */; };
		E4A4FB011FEB4C4200CBA645 /* WJFTagAttribute.m in Sources */ = {isa = PBXBuildFile; fileRef = E4A4FAF81FEB4C2300CBA645 /* WJFTagAttribute.m */; };
		E4A4FB021FEB4C4200CBA645 /* WJFTagCollectionViewCell.m in Sources */ = {isa = PBXBuildFile; fileRef = E4A4FAFA1FEB4C2300CBA645 /* WJFTagCollectionViewCell.m */; };
		E4A4FB031FEB4C4200CBA645 /* WJFTagCollectionViewFlowLayout.m in Sources */ = {isa = PBXBuildFile; fileRef = E4A4FAFC1FEB4C2300CBA645 /* WJFTagCollectionViewFlowLayout.m */; };
		E4A4FB041FEB4C4200CBA645 /* WJFTagsCell.m in Sources */ = {isa = PBXBuildFile; fileRef = E4A4FAFE1FEB4C2300CBA645 /* WJFTagsCell.m */; };
		E4A4FB051FEB4C4200CBA645 /* WJFTagsView.m in Sources */ = {isa = PBXBuildFile; fileRef = E4A4FB001FEB4C2300CBA645 /* WJFTagsView.m */; };
		E4A4FB081FEB4D8A00CBA645 /* WJFTableViewController.m in Sources */ = {isa = PBXBuildFile; fileRef = E4A4FB071FEB4D8A00CBA645 /* WJFTableViewController.m */; };
/* End PBXBuildFile section */

/* Begin PBXContainerItemProxy section */
		E4A4FAE81FEB4BCE00CBA645 /* PBXContainerItemProxy */ = {
			isa = PBXContainerItemProxy;
			containerPortal = E4A4FAC71FEB4BCD00CBA645 /* Project object */;
			proxyType = 1;
			remoteGlobalIDString = E4A4FACE1FEB4BCD00CBA645;
			remoteInfo = WJFTags;
		};
/* End PBXContainerItemProxy section */

/* Begin PBXFileReference section */
		E4A4FACF1FEB4BCD00CBA645 /* WJFTags.app */ = {isa = PBXFileReference; explicitFileType = wrapper.application; includeInIndex = 0; path = WJFTags.app; sourceTree = BUILT_PRODUCTS_DIR; };
		E4A4FAD21FEB4BCD00CBA645 /* AppDelegate.h */ = {isa = PBXFileReference; lastKnownFileType = sourcecode.c.h; path = AppDelegate.h; sourceTree = "<group>"; };
		E4A4FAD31FEB4BCD00CBA645 /* AppDelegate.m */ = {isa = PBXFileReference; lastKnownFileType = sourcecode.c.objc; path = AppDelegate.m; sourceTree = "<group>"; };
		E4A4FAD51FEB4BCD00CBA645 /* ViewController.h */ = {isa = PBXFileReference; lastKnownFileType = sourcecode.c.h; path = ViewController.h; sourceTree = "<group>"; };
		E4A4FAD61FEB4BCD00CBA645 /* ViewController.m */ = {isa = PBXFileReference; lastKnownFileType = sourcecode.c.objc; path = ViewController.m; sourceTree = "<group>"; };
		E4A4FAD91FEB4BCD00CBA645 /* Base */ = {isa = PBXFileReference; lastKnownFileType = file.storyboard; name = Base; path = Base.lproj/Main.storyboard; sourceTree = "<group>"; };
		E4A4FADB1FEB4BCD00CBA645 /* Assets.xcassets */ = {isa = PBXFileReference; lastKnownFileType = folder.assetcatalog; path = Assets.xcassets; sourceTree = "<group>"; };
		E4A4FADE1FEB4BCD00CBA645 /* Base */ = {isa = PBXFileReference; lastKnownFileType = file.storyboard; name = Base; path = Base.lproj/LaunchScreen.storyboard; sourceTree = "<group>"; };
		E4A4FAE01FEB4BCD00CBA645 /* Info.plist */ = {isa = PBXFileReference; lastKnownFileType = text.plist.xml; path = Info.plist; sourceTree = "<group>"; };
		E4A4FAE11FEB4BCD00CBA645 /* main.m */ = {isa = PBXFileReference; lastKnownFileType = sourcecode.c.objc; path = main.m; sourceTree = "<group>"; };
		E4A4FAE71FEB4BCE00CBA645 /* WJFTagsUITests.xctest */ = {isa = PBXFileReference; explicitFileType = wrapper.cfbundle; includeInIndex = 0; path = WJFTagsUITests.xctest; sourceTree = BUILT_PRODUCTS_DIR; };
		E4A4FAEB1FEB4BCE00CBA645 /* WJFTagsUITests.m */ = {isa = PBXFileReference; lastKnownFileType = sourcecode.c.objc; path = WJFTagsUITests.m; sourceTree = "<group>"; };
		E4A4FAED1FEB4BCE00CBA645 /* Info.plist */ = {isa = PBXFileReference; lastKnownFileType = text.plist.xml; path = Info.plist; sourceTree = "<group>"; };
		E4A4FAF71FEB4C2300CBA645 /* WJFTagAttribute.h */ = {isa = PBXFileReference; lastKnownFileType = sourcecode.c.h; path = WJFTagAttribute.h; sourceTree = "<group>"; };
		E4A4FAF81FEB4C2300CBA645 /* WJFTagAttribute.m */ = {isa = PBXFileReference; lastKnownFileType = sourcecode.c.objc; path = WJFTagAttribute.m; sourceTree = "<group>"; };
		E4A4FAF91FEB4C2300CBA645 /* WJFTagCollectionViewCell.h */ = {isa = PBXFileReference; lastKnownFileType = sourcecode.c.h; path = WJFTagCollectionViewCell.h; sourceTree = "<group>"; };
		E4A4FAFA1FEB4C2300CBA645 /* WJFTagCollectionViewCell.m */ = {isa = PBXFileReference; lastKnownFileType = sourcecode.c.objc; path = WJFTagCollectionViewCell.m; sourceTree = "<group>"; };
		E4A4FAFB1FEB4C2300CBA645 /* WJFTagCollectionViewFlowLayout.h */ = {isa = PBXFileReference; lastKnownFileType = sourcecode.c.h; path = WJFTagCollectionViewFlowLayout.h; sourceTree = "<group>"; };
		E4A4FAFC1FEB4C2300CBA645 /* WJFTagCollectionViewFlowLayout.m */ = {isa = PBXFileReference; lastKnownFileType = sourcecode.c.objc; path = WJFTagCollectionViewFlowLayout.m; sourceTree = "<group>"; };
		E4A4FAFD1FEB4C2300CBA645 /* WJFTagsCell.h */ = {isa = PBXFileReference; lastKnownFileType = sourcecode.c.h; path = WJFTagsCell.h; sourceTree = "<group>"; };
		E4A4FAFE1FEB4C2300CBA645 /* WJFTagsCell.m */ = {isa = PBXFileReference; lastKnownFileType = sourcecode.c.objc; path = WJFTagsCell.m; sourceTree = "<group>"; };
		E4A4FAFF1FEB4C2300CBA645 /* WJFTagsView.h */ = {isa = PBXFileReference; lastKnownFileType = sourcecode.c.h; path = WJFTagsView.h; sourceTree = "<group>"; };
		E4A4FB001FEB4C2300CBA645 /* WJFTagsView.m */ = {isa = PBXFileReference; lastKnownFileType = sourcecode.c.objc; path = WJFTagsView.m; sourceTree = "<group>"; };
		E4A4FB061FEB4D8A00CBA645 /* WJFTableViewController.h */ = {isa = PBXFileReference; lastKnownFileType = sourcecode.c.h; path = WJFTableViewController.h; sourceTree = "<group>"; };
		E4A4FB071FEB4D8A00CBA645 /* WJFTableViewController.m */ = {isa = PBXFileReference; lastKnownFileType = sourcecode.c.objc; path = WJFTableViewController.m; sourceTree = "<group>"; };
/* End PBXFileReference section */

/* Begin PBXFrameworksBuildPhase section */
		E4A4FACC1FEB4BCD00CBA645 /* Frameworks */ = {
			isa = PBXFrameworksBuildPhase;
			buildActionMask = 2147483647;
			files = (
			);
			runOnlyForDeploymentPostprocessing = 0;
		};
		E4A4FAE41FEB4BCD00CBA645 /* Frameworks */ = {
			isa = PBXFrameworksBuildPhase;
			buildActionMask = 2147483647;
			files = (
			);
			runOnlyForDeploymentPostprocessing = 0;
		};
/* End PBXFrameworksBuildPhase section */

/* Begin PBXGroup section */
		E4A4FAC61FEB4BCD00CBA645 = {
			isa = PBXGroup;
			children = (
				E4A4FAD11FEB4BCD00CBA645 /* WJFTags */,
				E4A4FAEA1FEB4BCE00CBA645 /* WJFTagsUITests */,
				E4A4FAD01FEB4BCD00CBA645 /* Products */,
			);
			sourceTree = "<group>";
		};
		E4A4FAD01FEB4BCD00CBA645 /* Products */ = {
			isa = PBXGroup;
			children = (
				E4A4FACF1FEB4BCD00CBA645 /* WJFTags.app */,
				E4A4FAE71FEB4BCE00CBA645 /* WJFTagsUITests.xctest */,
			);
			name = Products;
			sourceTree = "<group>";
		};
		E4A4FAD11FEB4BCD00CBA645 /* WJFTags */ = {
			isa = PBXGroup;
			children = (
				E4A4FAD21FEB4BCD00CBA645 /* AppDelegate.h */,
				E4A4FAD31FEB4BCD00CBA645 /* AppDelegate.m */,
				E4A4FAF61FEB4C2300CBA645 /* WJFTagView */,
				E4A4FAD51FEB4BCD00CBA645 /* ViewController.h */,
				E4A4FAD61FEB4BCD00CBA645 /* ViewController.m */,
				E4A4FB061FEB4D8A00CBA645 /* WJFTableViewController.h */,
				E4A4FB071FEB4D8A00CBA645 /* WJFTableViewController.m */,
				E4A4FAD81FEB4BCD00CBA645 /* Main.storyboard */,
				E4A4FADB1FEB4BCD00CBA645 /* Assets.xcassets */,
				E4A4FADD1FEB4BCD00CBA645 /* LaunchScreen.storyboard */,
				E4A4FAE01FEB4BCD00CBA645 /* Info.plist */,
				E4A4FAE11FEB4BCD00CBA645 /* main.m */,
			);
			path = WJFTags;
			sourceTree = "<group>";
		};
		E4A4FAEA1FEB4BCE00CBA645 /* WJFTagsUITests */ = {
			isa = PBXGroup;
			children = (
				E4A4FAEB1FEB4BCE00CBA645 /* WJFTagsUITests.m */,
				E4A4FAED1FEB4BCE00CBA645 /* Info.plist */,
			);
			path = WJFTagsUITests;
			sourceTree = "<group>";
		};
		E4A4FAF61FEB4C2300CBA645 /* WJFTagView */ = {
			isa = PBXGroup;
			children = (
				E4A4FAF71FEB4C2300CBA645 /* WJFTagAttribute.h */,
				E4A4FAF81FEB4C2300CBA645 /* WJFTagAttribute.m */,
				E4A4FAF91FEB4C2300CBA645 /* WJFTagCollectionViewCell.h */,
				E4A4FAFA1FEB4C2300CBA645 /* WJFTagCollectionViewCell.m */,
				E4A4FAFB1FEB4C2300CBA645 /* WJFTagCollectionViewFlowLayout.h */,
				E4A4FAFC1FEB4C2300CBA645 /* WJFTagCollectionViewFlowLayout.m */,
				E4A4FAFD1FEB4C2300CBA645 /* WJFTagsCell.h */,
				E4A4FAFE1FEB4C2300CBA645 /* WJFTagsCell.m */,
				E4A4FAFF1FEB4C2300CBA645 /* WJFTagsView.h */,
				E4A4FB001FEB4C2300CBA645 /* WJFTagsView.m */,
			);
			path = WJFTagView;
			sourceTree = "<group>";
		};
/* End PBXGroup section */

/* Begin PBXNativeTarget section */
		E4A4FACE1FEB4BCD00CBA645 /* WJFTags */ = {
			isa = PBXNativeTarget;
			buildConfigurationList = E4A4FAF01FEB4BCE00CBA645 /* Build configuration list for PBXNativeTarget "WJFTags" */;
			buildPhases = (
				E4A4FACB1FEB4BCD00CBA645 /* Sources */,
				E4A4FACC1FEB4BCD00CBA645 /* Frameworks */,
				E4A4FACD1FEB4BCD00CBA645 /* Resources */,
			);
			buildRules = (
			);
			dependencies = (
			);
			name = WJFTags;
			productName = WJFTags;
			productReference = E4A4FACF1FEB4BCD00CBA645 /* WJFTags.app */;
			productType = "com.apple.product-type.application";
		};
		E4A4FAE61FEB4BCD00CBA645 /* WJFTagsUITests */ = {
			isa = PBXNativeTarget;
			buildConfigurationList = E4A4FAF31FEB4BCE00CBA645 /* Build configuration list for PBXNativeTarget "WJFTagsUITests" */;
			buildPhases = (
				E4A4FAE31FEB4BCD00CBA645 /* Sources */,
				E4A4FAE41FEB4BCD00CBA645 /* Frameworks */,
				E4A4FAE51FEB4BCD00CBA645 /* Resources */,
			);
			buildRules = (
			);
			dependencies = (
				E4A4FAE91FEB4BCE00CBA645 /* PBXTargetDependency */,
			);
			name = WJFTagsUITests;
			productName = WJFTagsUITests;
			productReference = E4A4FAE71FEB4BCE00CBA645 /* WJFTagsUITests.xctest */;
			productType = "com.apple.product-type.bundle.ui-testing";
		};
/* End PBXNativeTarget section */

/* Begin PBXProject section */
		E4A4FAC71FEB4BCD00CBA645 /* Project object */ = {
			isa = PBXProject;
			attributes = {
				LastUpgradeCheck = 0900;
				ORGANIZATIONNAME = wjf;
				TargetAttributes = {
					E4A4FACE1FEB4BCD00CBA645 = {
						CreatedOnToolsVersion = 9.0;
						ProvisioningStyle = Automatic;
					};
					E4A4FAE61FEB4BCD00CBA645 = {
						CreatedOnToolsVersion = 9.0;
						ProvisioningStyle = Automatic;
						TestTargetID = E4A4FACE1FEB4BCD00CBA645;
					};
				};
			};
			buildConfigurationList = E4A4FACA1FEB4BCD00CBA645 /* Build configuration list for PBXProject "WJFTags" */;
			compatibilityVersion = "Xcode 8.0";
			developmentRegion = en;
			hasScannedForEncodings = 0;
			knownRegions = (
				en,
				Base,
			);
			mainGroup = E4A4FAC61FEB4BCD00CBA645;
			productRefGroup = E4A4FAD01FEB4BCD00CBA645 /* Products */;
			projectDirPath = "";
			projectRoot = "";
			targets = (
				E4A4FACE1FEB4BCD00CBA645 /* WJFTags */,
				E4A4FAE61FEB4BCD00CBA645 /* WJFTagsUITests */,
			);
		};
/* End PBXProject section */

/* Begin PBXResourcesBuildPhase section */
		E4A4FACD1FEB4BCD00CBA645 /* Resources */ = {
			isa = PBXResourcesBuildPhase;
			buildActionMask = 2147483647;
			files = (
				E4A4FADF1FEB4BCD00CBA645 /* LaunchScreen.storyboard in Resources */,
				E4A4FADC1FEB4BCD00CBA645 /* Assets.xcassets in Resources */,
				E4A4FADA1FEB4BCD00CBA645 /* Main.storyboard in Resources */,
			);
			runOnlyForDeploymentPostprocessing = 0;
		};
		E4A4FAE51FEB4BCD00CBA645 /* Resources */ = {
			isa = PBXResourcesBuildPhase;
			buildActionMask = 2147483647;
			files = (
			);
			runOnlyForDeploymentPostprocessing = 0;
		};
/* End PBXResourcesBuildPhase section */

/* Begin PBXSourcesBuildPhase section */
		E4A4FACB1FEB4BCD00CBA645 /* Sources */ = {
			isa = PBXSourcesBuildPhase;
			buildActionMask = 2147483647;
			files = (
				E4A4FB011FEB4C4200CBA645 /* WJFTagAttribute.m in Sources */,
				E4A4FB021FEB4C4200CBA645 /* WJFTagCollectionViewCell.m in Sources */,
				E4A4FB031FEB4C4200CBA645 /* WJFTagCollectionViewFlowLayout.m in Sources */,
				E4A4FB041FEB4C4200CBA645 /* WJFTagsCell.m in Sources */,
				E4A4FB051FEB4C4200CBA645 /* WJFTagsView.m in Sources */,
				E4A4FB081FEB4D8A00CBA645 /* WJFTableViewController.m in Sources */,
				E4A4FAD71FEB4BCD00CBA645 /* ViewController.m in Sources */,
				E4A4FAE21FEB4BCD00CBA645 /* main.m in Sources */,
				E4A4FAD41FEB4BCD00CBA645 /* AppDelegate.m in Sources */,
			);
			runOnlyForDeploymentPostprocessing = 0;
		};
		E4A4FAE31FEB4BCD00CBA645 /* Sources */ = {
			isa = PBXSourcesBuildPhase;
			buildActionMask = 2147483647;
			files = (
				E4A4FAEC1FEB4BCE00CBA645 /* WJFTagsUITests.m in Sources */,
			);
			runOnlyForDeploymentPostprocessing = 0;
		};
/* End PBXSourcesBuildPhase section */

/* Begin PBXTargetDependency section */
		E4A4FAE91FEB4BCE00CBA645 /* PBXTargetDependency */ = {
			isa = PBXTargetDependency;
			target = E4A4FACE1FEB4BCD00CBA645 /* WJFTags */;
			targetProxy = E4A4FAE81FEB4BCE00CBA645 /* PBXContainerItemProxy */;
		};
/* End PBXTargetDependency section */

/* Begin PBXVariantGroup section */
		E4A4FAD81FEB4BCD00CBA645 /* Main.storyboard */ = {
			isa = PBXVariantGroup;
			children = (
				E4A4FAD91FEB4BCD00CBA645 /* Base */,
			);
			name = Main.storyboard;
			sourceTree = "<group>";
		};
		E4A4FADD1FEB4BCD00CBA645 /* LaunchScreen.storyboard */ = {
			isa = PBXVariantGroup;
			children = (
				E4A4FADE1FEB4BCD00CBA645 /* Base */,
			);
			name = LaunchScreen.storyboard;
			sourceTree = "<group>";
		};
/* End PBXVariantGroup section */

/* Begin XCBuildConfiguration section */
		E4A4FAEE1FEB4BCE00CBA645 /* Debug */ = {
			isa = XCBuildConfiguration;
			buildSettings = {
				ALWAYS_SEARCH_USER_PATHS = NO;
				CLANG_ANALYZER_NONNULL = YES;
				CLANG_ANALYZER_NUMBER_OBJECT_CONVERSION = YES_AGGRESSIVE;
				CLANG_CXX_LANGUAGE_STANDARD = "gnu++14";
				CLANG_CXX_LIBRARY = "libc++";
				CLANG_ENABLE_MODULES = YES;
				CLANG_ENABLE_OBJC_ARC = YES;
				CLANG_WARN_BLOCK_CAPTURE_AUTORELEASING = YES;
				CLANG_WARN_BOOL_CONVERSION = YES;
				CLANG_WARN_COMMA = YES;
				CLANG_WARN_CONSTANT_CONVERSION = YES;
				CLANG_WARN_DIRECT_OBJC_ISA_USAGE = YES_ERROR;
				CLANG_WARN_DOCUMENTATION_COMMENTS = YES;
				CLANG_WARN_EMPTY_BODY = YES;
				CLANG_WARN_ENUM_CONVERSION = YES;
				CLANG_WARN_INFINITE_RECURSION = YES;
				CLANG_WARN_INT_CONVERSION = YES;
				CLANG_WARN_NON_LITERAL_NULL_CONVERSION = YES;
				CLANG_WARN_OBJC_LITERAL_CONVERSION = YES;
				CLANG_WARN_OBJC_ROOT_CLASS = YES_ERROR;
				CLANG_WARN_RANGE_LOOP_ANALYSIS = YES;
				CLANG_WARN_STRICT_PROTOTYPES = YES;
				CLANG_WARN_SUSPICIOUS_MOVE = YES;
				CLANG_WARN_UNGUARDED_AVAILABILITY = YES_AGGRESSIVE;
				CLANG_WARN_UNREACHABLE_CODE = YES;
				CLANG_WARN__DUPLICATE_METHOD_MATCH = YES;
				CODE_SIGN_IDENTITY = "iPhone Developer";
				COPY_PHASE_STRIP = NO;
				DEBUG_INFORMATION_FORMAT = dwarf;
				ENABLE_STRICT_OBJC_MSGSEND = YES;
				ENABLE_TESTABILITY = YES;
				GCC_C_LANGUAGE_STANDARD = gnu11;
				GCC_DYNAMIC_NO_PIC = NO;
				GCC_NO_COMMON_BLOCKS = YES;
				GCC_OPTIMIZATION_LEVEL = 0;
				GCC_PREPROCESSOR_DEFINITIONS = (
					"DEBUG=1",
					"$(inherited)",
				);
				GCC_WARN_64_TO_32_BIT_CONVERSION = YES;
				GCC_WARN_ABOUT_RETURN_TYPE = YES_ERROR;
				GCC_WARN_UNDECLARED_SELECTOR = YES;
				GCC_WARN_UNINITIALIZED_AUTOS = YES_AGGRESSIVE;
				GCC_WARN_UNUSED_FUNCTION = YES;
				GCC_WARN_UNUSED_VARIABLE = YES;
				IPHONEOS_DEPLOYMENT_TARGET = 11.0;
				MTL_ENABLE_DEBUG_INFO = YES;
				ONLY_ACTIVE_ARCH = YES;
				SDKROOT = iphoneos;
			};
			name = Debug;
		};
		E4A4FAEF1FEB4BCE00CBA645 /* Release */ = {
			isa = XCBuildConfiguration;
			buildSettings = {
				ALWAYS_SEARCH_USER_PATHS = NO;
				CLANG_ANALYZER_NONNULL = YES;
				CLANG_ANALYZER_NUMBER_OBJECT_CONVERSION = YES_AGGRESSIVE;
				CLANG_CXX_LANGUAGE_STANDARD = "gnu++14";
				CLANG_CXX_LIBRARY = "libc++";
				CLANG_ENABLE_MODULES = YES;
				CLANG_ENABLE_OBJC_ARC = YES;
				CLANG_WARN_BLOCK_CAPTURE_AUTORELEASING = YES;
				CLANG_WARN_BOOL_CONVERSION = YES;
				CLANG_WARN_COMMA = YES;
				CLANG_WARN_CONSTANT_CONVERSION = YES;
				CLANG_WARN_DIRECT_OBJC_ISA_USAGE = YES_ERROR;
				CLANG_WARN_DOCUMENTATION_COMMENTS = YES;
				CLANG_WARN_EMPTY_BODY = YES;
				CLANG_WARN_ENUM_CONVERSION = YES;
				CLANG_WARN_INFINITE_RECURSION = YES;
				CLANG_WARN_INT_CONVERSION = YES;
				CLANG_WARN_NON_LITERAL_NULL_CONVERSION = YES;
				CLANG_WARN_OBJC_LITERAL_CONVERSION = YES;
				CLANG_WARN_OBJC_ROOT_CLASS = YES_ERROR;
				CLANG_WARN_RANGE_LOOP_ANALYSIS = YES;
				CLANG_WARN_STRICT_PROTOTYPES = YES;
				CLANG_WARN_SUSPICIOUS_MOVE = YES;
				CLANG_WARN_UNGUARDED_AVAILABILITY = YES_AGGRESSIVE;
				CLANG_WARN_UNREACHABLE_CODE = YES;
				CLANG_WARN__DUPLICATE_METHOD_MATCH = YES;
				CODE_SIGN_IDENTITY = "iPhone Developer";
				COPY_PHASE_STRIP = NO;
				DEBUG_INFORMATION_FORMAT = "dwarf-with-dsym";
				ENABLE_NS_ASSERTIONS = NO;
				ENABLE_STRICT_OBJC_MSGSEND = YES;
				GCC_C_LANGUAGE_STANDARD = gnu11;
				GCC_NO_COMMON_BLOCKS = YES;
				GCC_WARN_64_TO_32_BIT_CONVERSION = YES;
				GCC_WARN_ABOUT_RETURN_TYPE = YES_ERROR;
				GCC_WARN_UNDECLARED_SELECTOR = YES;
				GCC_WARN_UNINITIALIZED_AUTOS = YES_AGGRESSIVE;
				GCC_WARN_UNUSED_FUNCTION = YES;
				GCC_WARN_UNUSED_VARIABLE = YES;
				IPHONEOS_DEPLOYMENT_TARGET = 11.0;
				MTL_ENABLE_DEBUG_INFO = NO;
				SDKROOT = iphoneos;
				VALIDATE_PRODUCT = YES;
			};
			name = Release;
		};
		E4A4FAF11FEB4BCE00CBA645 /* Debug */ = {
			isa = XCBuildConfiguration;
			buildSettings = {
				ASSETCATALOG_COMPILER_APPICON_NAME = AppIcon;
				CODE_SIGN_STYLE = Automatic;
				DEVELOPMENT_TEAM = 7X5AKC87A2;
				INFOPLIST_FILE = WJFTags/Info.plist;
				IPHONEOS_DEPLOYMENT_TARGET = 10.3;
				LD_RUNPATH_SEARCH_PATHS = "$(inherited) @executable_path/Frameworks";
				PRODUCT_BUNDLE_IDENTIFIER = YuKang.WJFTags;
				PRODUCT_NAME = "$(TARGET_NAME)";
				TARGETED_DEVICE_FAMILY = "1,2";
			};
			name = Debug;
		};
		E4A4FAF21FEB4BCE00CBA645 /* Release */ = {
			isa = XCBuildConfiguration;
			buildSettings = {
				ASSETCATALOG_COMPILER_APPICON_NAME = AppIcon;
				CODE_SIGN_STYLE = Automatic;
				DEVELOPMENT_TEAM = 7X5AKC87A2;
				INFOPLIST_FILE = WJFTags/Info.plist;
				IPHONEOS_DEPLOYMENT_TARGET = 10.3;
				LD_RUNPATH_SEARCH_PATHS = "$(inherited) @executable_path/Frameworks";
				PRODUCT_BUNDLE_IDENTIFIER = YuKang.WJFTags;
				PRODUCT_NAME = "$(TARGET_NAME)";
				TARGETED_DEVICE_FAMILY = "1,2";
			};
			name = Release;
		};
		E4A4FAF41FEB4BCE00CBA645 /* Debug */ = {
			isa = XCBuildConfiguration;
			buildSettings = {
				CODE_SIGN_STYLE = Automatic;
				INFOPLIST_FILE = WJFTagsUITests/Info.plist;
				LD_RUNPATH_SEARCH_PATHS = "$(inherited) @executable_path/Frameworks @loader_path/Frameworks";
				PRODUCT_BUNDLE_IDENTIFIER = YuKang.WJFTagsUITests;
				PRODUCT_NAME = "$(TARGET_NAME)";
				TARGETED_DEVICE_FAMILY = "1,2";
				TEST_TARGET_NAME = WJFTags;
			};
			name = Debug;
		};
		E4A4FAF51FEB4BCE00CBA645 /* Release */ = {
			isa = XCBuildConfiguration;
			buildSettings = {
				CODE_SIGN_STYLE = Automatic;
				INFOPLIST_FILE = WJFTagsUITests/Info.plist;
				LD_RUNPATH_SEARCH_PATHS = "$(inherited) @executable_path/Frameworks @loader_path/Frameworks";
				PRODUCT_BUNDLE_IDENTIFIER = YuKang.WJFTagsUITests;
				PRODUCT_NAME = "$(TARGET_NAME)";
				TARGETED_DEVICE_FAMILY = "1,2";
				TEST_TARGET_NAME = WJFTags;
			};
			name = Release;
		};
/* End XCBuildConfiguration section */

/* Begin XCConfigurationList section */
		E4A4FACA1FEB4BCD00CBA645 /* Build configuration list for PBXProject "WJFTags" */ = {
			isa = XCConfigurationList;
			buildConfigurations = (
				E4A4FAEE1FEB4BCE00CBA645 /* Debug */,
				E4A4FAEF1FEB4BCE00CBA645 /* Release */,
			);
			defaultConfigurationIsVisible = 0;
			defaultConfigurationName = Release;
		};
		E4A4FAF01FEB4BCE00CBA645 /* Build configuration list for PBXNativeTarget "WJFTags" */ = {
			isa = XCConfigurationList;
			buildConfigurations = (
				E4A4FAF11FEB4BCE00CBA645 /* Debug */,
				E4A4FAF21FEB4BCE00CBA645 /* Release */,
			);
			defaultConfigurationIsVisible = 0;
			defaultConfigurationName = Release;
		};
		E4A4FAF31FEB4BCE00CBA645 /* Build configuration list for PBXNativeTarget "WJFTagsUITests" */ = {
			isa = XCConfigurationList;
			buildConfigurations = (
				E4A4FAF41FEB4BCE00CBA645 /* Debug */,
				E4A4FAF51FEB4BCE00CBA645 /* Release */,
			);
			defaultConfigurationIsVisible = 0;
			defaultConfigurationName = Release;
		};
/* End XCConfigurationList section */
	};
	rootObject = E4A4FAC71FEB4BCD00CBA645 /* Project object */;
}
